# This file is autogenerated, do not edit; changes may be undone by the next 'dep ensure'.


[[projects]]
  branch = "master"
  name = "bitbucket.org/gismart/config"
  packages = [
    ".",
    "source",
    "source/env",
    "source/file",
    "source/flag"
  ]
  revision = "0bcab6939ff5e8b60f48f716d83d5f8a24c409d9"

[[projects]]
  name = "github.com/pkg/errors"
  packages = ["."]
  revision = "645ef00459ed84a119197bfb8d8205042c6df63d"
  version = "v0.8.0"

[solve-meta]
  analyzer-name = "dep"
  analyzer-version = 1
  inputs-digest = "6b501b878d51ef2f204205f6e3f3e2af3240b45b036d8568a3b63f86df755985"
  solver-name = "gps-cdcl"
  solver-version = 1
